
Microsoft Visual Studio Solution File, Format Version 12.00
# Visual Studio Version 17
VisualStudioVersion = 17.7.34031.279
MinimumVisualStudioVersion = 10.0.40219.1
Project("{9A19103F-16F7-4668-BE54-9A1E7A4F7556}") = "WebApplication1", "WebApplication1\WebApplication1.csproj", "{E7C5850B-CC78-4C1B-85ED-7D3A6A98A3F4}"
EndProject
Project("{9A19103F-16F7-4668-BE54-9A1E7A4F7556}") = "RitualServer", "..\RitualServer\RitualServer\RitualServer.csproj", "{C49E1FA4-80C6-4124-819B-A462F8F9BA8E}"
EndProject
Global
	GlobalSection(SolutionConfigurationPlatforms) = preSolution
		Debug|Any CPU = Debug|Any CPU
		Release|Any CPU = Release|Any CPU
	EndGlobalSection
	GlobalSection(ProjectConfigurationPlatforms) = postSolution
		{E7C5850B-CC78-4C1B-85ED-7D3A6A98A3F4}.Debug|Any CPU.ActiveCfg = Debug|Any CPU
		{E7C5850B-CC78-4C1B-85ED-7D3A6A98A3F4}.Debug|Any CPU.Build.0 = Debug|Any CPU
		{E7C5850B-CC78-4C1B-85ED-7D3A6A98A3F4}.Release|Any CPU.ActiveCfg = Release|Any CPU
		{E7C5850B-CC78-4C1B-85ED-7D3A6A98A3F4}.Release|Any CPU.Build.0 = Release|Any CPU
		{C49E1FA4-80C6-4124-819B-A462F8F9BA8E}.Debug|Any CPU.ActiveCfg = Debug|Any CPU
		{C49E1FA4-80C6-4124-819B-A462F8F9BA8E}.Debug|Any CPU.Build.0 = Debug|Any CPU
		{C49E1FA4-80C6-4124-819B-A462F8F9BA8E}.Release|Any CPU.ActiveCfg = Release|Any CPU
		{C49E1FA4-80C6-4124-819B-A462F8F9BA8E}.Release|Any CPU.Build.0 = Release|Any CPU
	EndGlobalSection
	GlobalSection(SolutionProperties) = preSolution
		HideSolutionNode = FALSE
	EndGlobalSection
	GlobalSection(ExtensibilityGlobals) = postSolution
		SolutionGuid = {BFF1D1DB-069B-462B-85CA-E3A64BCDC6E9}
	EndGlobalSection
EndGlobal
